// !$*UTF8*$!
{
	archiveVersion = 1;
	classes = {
	};
	objectVersion = 46;
	objects = {

/* Begin PBXBuildFile section */
		C28E2D111D1D6E9F00F3974E /* AppDelegate.swift in Sources */ = {isa = PBXBuildFile; fileRef = C28E2D101D1D6E9F00F3974E /* AppDelegate.swift */; };
		C28E2D131D1D6E9F00F3974E /* ViewController.swift in Sources */ = {isa = PBXBuildFile; fileRef = C28E2D121D1D6E9F00F3974E /* ViewController.swift */; };
		C28E2D161D1D6E9F00F3974E /* Main.storyboard in Resources */ = {isa = PBXBuildFile; fileRef = C28E2D141D1D6E9F00F3974E /* Main.storyboard */; };
		C28E2D181D1D6E9F00F3974E /* Assets.xcassets in Resources */ = {isa = PBXBuildFile; fileRef = C28E2D171D1D6E9F00F3974E /* Assets.xcassets */; };
		C28E2D1B1D1D6E9F00F3974E /* LaunchScreen.storyboard in Resources */ = {isa = PBXBuildFile; fileRef = C28E2D191D1D6E9F00F3974E /* LaunchScreen.storyboard */; };
		C28E2D231D1D71AD00F3974E /* SKResultViewController.swift in Sources */ = {isa = PBXBuildFile; fileRef = C28E2D221D1D71AD00F3974E /* SKResultViewController.swift */; };
/* End PBXBuildFile section */

/* Begin PBXFileReference section */
		C28E2D0D1D1D6E9F00F3974E /* SecondKadaiApp.app */ = {isa = PBXFileReference; explicitFileType = wrapper.application; includeInIndex = 0; path = SecondKadaiApp.app; sourceTree = BUILT_PRODUCTS_DIR; };
		C28E2D101D1D6E9F00F3974E /* AppDelegate.swift */ = {isa = PBXFileReference; lastKnownFileType = sourcecode.swift; path = AppDelegate.swift; sourceTree = "<group>"; };
		C28E2D121D1D6E9F00F3974E /* ViewController.swift */ = {isa = PBXFileReference; lastKnownFileType = sourcecode.swift; path = ViewController.swift; sourceTree = "<group>"; };
		C28E2D151D1D6E9F00F3974E /* Base */ = {isa = PBXFileReference; lastKnownFileType = file.storyboard; name = Base; path = Base.lproj/Main.storyboard; sourceTree = "<group>"; };
		C28E2D171D1D6E9F00F3974E /* Assets.xcassets */ = {isa = PBXFileReference; lastKnownFileType = folder.assetcatalog; path = Assets.xcassets; sourceTree = "<group>"; };
		C28E2D1A1D1D6E9F00F3974E /* Base */ = {isa = PBXFileReference; lastKnownFileType = file.storyboard; name = Base; path = Base.lproj/LaunchScreen.storyboard; sourceTree = "<group>"; };
		C28E2D1C1D1D6E9F00F3974E /* Info.plist */ = {isa = PBXFileReference; lastKnownFileType = text.plist.xml; path = Info.plist; sourceTree = "<group>"; };
		C28E2D221D1D71AD00F3974E /* SKResultViewController.swift */ = {isa = PBXFileReference; fileEncoding = 4; lastKnownFileType = sourcecode.swift; path = SKResultViewController.swift; sourceTree = "<group>"; };
/* End PBXFileReference section */

/* Begin PBXFrameworksBuildPhase section */
		C28E2D0A1D1D6E9F00F3974E /* Frameworks */ = {
			isa = PBXFrameworksBuildPhase;
			buildActionMask = 2147483647;
			files = (
			);
			runOnlyForDeploymentPostprocessing = 0;
		};
/* End PBXFrameworksBuildPhase section */

/* Begin PBXGroup section */
		C28E2D041D1D6E9F00F3974E = {
			isa = PBXGroup;
			children = (
				C28E2D0F1D1D6E9F00F3974E /* SecondKadaiApp */,
				C28E2D0E1D1D6E9F00F3974E /* Products */,
			);
			sourceTree = "<group>";
		};
		C28E2D0E1D1D6E9F00F3974E /* Products */ = {
			isa = PBXGroup;
			children = (
				C28E2D0D1D1D6E9F00F3974E /* SecondKadaiApp.app */,
			);
			name = Products;
			sourceTree = "<group>";
		};
		C28E2D0F1D1D6E9F00F3974E /* SecondKadaiApp */ = {
			isa = PBXGroup;
			children = (
				C28E2D101D1D6E9F00F3974E /* AppDelegate.swift */,
				C28E2D121D1D6E9F00F3974E /* ViewController.swift */,
				C28E2D141D1D6E9F00F3974E /* Main.storyboard */,
				C28E2D221D1D71AD00F3974E /* SKResultViewController.swift */,
				C28E2D171D1D6E9F00F3974E /* Assets.xcassets */,
				C28E2D191D1D6E9F00F3974E /* LaunchScreen.storyboard */,
				C28E2D1C1D1D6E9F00F3974E /* Info.plist */,
			);
			path = SecondKadaiApp;
			sourceTree = "<group>";
		};
/* End PBXGroup section */

/* Begin PBXNativeTarget section */
		C28E2D0C1D1D6E9F00F3974E /* SecondKadaiApp */ = {
			isa = PBXNativeTarget;
			buildConfigurationList = C28E2D1F1D1D6E9F00F3974E /* Build configuration list for PBXNativeTarget "SecondKadaiApp" */;
			buildPhases = (
				C28E2D091D1D6E9F00F3974E /* Sources */,
				C28E2D0A1D1D6E9F00F3974E /* Frameworks */,
				C28E2D0B1D1D6E9F00F3974E /* Resources */,
			);
			buildRules = (
			);
			dependencies = (
			);
			name = SecondKadaiApp;
			productName = SecondKadaiApp;
			productReference = C28E2D0D1D1D6E9F00F3974E /* SecondKadaiApp.app */;
			productType = "com.apple.product-type.application";
		};
/* End PBXNativeTarget section */

/* Begin PBXProject section */
		C28E2D051D1D6E9F00F3974E /* Project object */ = {
			isa = PBXProject;
			attributes = {
				LastSwiftUpdateCheck = 0730;
				LastUpgradeCheck = 0730;
				ORGANIZATIONNAME = kosuke.takeda;
				TargetAttributes = {
					C28E2D0C1D1D6E9F00F3974E = {
						CreatedOnToolsVersion = 7.3.1;
						DevelopmentTeam = WN9CEKKC92;
					};
				};
			};
			buildConfigurationList = C28E2D081D1D6E9F00F3974E /* Build configuration list for PBXProject "SecondKadaiApp" */;
			compatibilityVersion = "Xcode 3.2";
			developmentRegion = English;
			hasScannedForEncodings = 0;
			knownRegions = (
				en,
				Base,
			);
			mainGroup = C28E2D041D1D6E9F00F3974E;
			productRefGroup = C28E2D0E1D1D6E9F00F3974E /* Products */;
			projectDirPath = "";
			projectRoot = "";
			targets = (
				C28E2D0C1D1D6E9F00F3974E /* SecondKadaiApp */,
			);
		};
/* End PBXProject section */

/* Begin PBXResourcesBuildPhase section */
		C28E2D0B1D1D6E9F00F3974E /* Resources */ = {
			isa = PBXResourcesBuildPhase;
			buildActionMask = 2147483647;
			files = (
				C28E2D1B1D1D6E9F00F3974E /* LaunchScreen.storyboard in Resources */,
				C28E2D181D1D6E9F00F3974E /* Assets.xcassets in Resources */,
				C28E2D161D1D6E9F00F3974E /* Main.storyboard in Resources */,
			);
			runOnlyForDeploymentPostprocessing = 0;
		};
/* End PBXResourcesBuildPhase section */

/* Begin PBXSourcesBuildPhase section */
		C28E2D091D1D6E9F00F3974E /* Sources */ = {
			isa = PBXSourcesBuildPhase;
			buildActionMask = 2147483647;
			files = (
				C28E2D131D1D6E9F00F3974E /* ViewController.swift in Sources */,
				C28E2D231D1D71AD00F3974E /* SKResultViewController.swift in Sources */,
				C28E2D111D1D6E9F00F3974E /* AppDelegate.swift in Sources */,
			);
			runOnlyForDeploymentPostprocessing = 0;
		};
/* End PBXSourcesBuildPhase section */

/* Begin PBXVariantGroup section */
		C28E2D141D1D6E9F00F3974E /* Main.storyboard */ = {
			isa = PBXVariantGroup;
			children = (
				C28E2D151D1D6E9F00F3974E /* Base */,
			);
			name = Main.storyboard;
			sourceTree = "<group>";
		};
		C28E2D191D1D6E9F00F3974E /* LaunchScreen.storyboard */ = {
			isa = PBXVariantGroup;
			children = (
				C28E2D1A1D1D6E9F00F3974E /* Base */,
			);
			name = LaunchScreen.storyboard;
			sourceTree = "<group>";
		};
/* End PBXVariantGroup section */

/* Begin XCBuildConfiguration section */
		C28E2D1D1D1D6E9F00F3974E /* Debug */ = {
			isa = XCBuildConfiguration;
			buildSettings = {
				ALWAYS_SEARCH_USER_PATHS = NO;
				CLANG_ANALYZER_NONNULL = YES;
				CLANG_CXX_LANGUAGE_STANDARD = "gnu++0x";
				CLANG_CXX_LIBRARY = "libc++";
				CLANG_ENABLE_MODULES = YES;
				CLANG_ENABLE_OBJC_ARC = YES;
				CLANG_WARN_BOOL_CONVERSION = YES;
				CLANG_WARN_CONSTANT_CONVERSION = YES;
				CLANG_WARN_DIRECT_OBJC_ISA_USAGE = YES_ERROR;
				CLANG_WARN_EMPTY_BODY = YES;
				CLANG_WARN_ENUM_CONVERSION = YES;
				CLANG_WARN_INT_CONVERSION = YES;
				CLANG_WARN_OBJC_ROOT_CLASS = YES_ERROR;
				CLANG_WARN_UNREACHABLE_CODE = YES;
				CLANG_WARN__DUPLICATE_METHOD_MATCH = YES;
				"CODE_SIGN_IDENTITY[sdk=iphoneos*]" = "iPhone Developer";
				COPY_PHASE_STRIP = NO;
				DEBUG_INFORMATION_FORMAT = dwarf;
				ENABLE_STRICT_OBJC_MSGSEND = YES;
				ENABLE_TESTABILITY = YES;
				GCC_C_LANGUAGE_STANDARD = gnu99;
				GCC_DYNAMIC_NO_PIC = NO;
				GCC_NO_COMMON_BLOCKS = YES;
				GCC_OPTIMIZATION_LEVEL = 0;
				GCC_PREPROCESSOR_DEFINITIONS = (
					"DEBUG=1",
					"$(inherited)",
				);
				GCC_WARN_64_TO_32_BIT_CONVERSION = YES;
				GCC_WARN_ABOUT_RETURN_TYPE = YES_ERROR;
				GCC_WARN_UNDECLARED_SELECTOR = YES;
				GCC_WARN_UNINITIALIZED_AUTOS = YES_AGGRESSIVE;
				GCC_WARN_UNUSED_FUNCTION = YES;
				GCC_WARN_UNUSED_VARIABLE = YES;
				IPHONEOS_DEPLOYMENT_TARGET = 9.3;
				MTL_ENABLE_DEBUG_INFO = YES;
				ONLY_ACTIVE_ARCH = YES;
				SDKROOT = iphoneos;
				SWIFT_OPTIMIZATION_LEVEL = "-Onone";
			};
			name = Debug;
		};
		C28E2D1E1D1D6E9F00F3974E /* Release */ = {
			isa = XCBuildConfiguration;
			buildSettings = {
				ALWAYS_SEARCH_USER_PATHS = NO;
				CLANG_ANALYZER_NONNULL = YES;
				CLANG_CXX_LANGUAGE_STANDARD = "gnu++0x";
				CLANG_CXX_LIBRARY = "libc++";
				CLANG_ENABLE_MODULES = YES;
				CLANG_ENABLE_OBJC_ARC = YES;
				CLANG_WARN_BOOL_CONVERSION = YES;
				CLANG_WARN_CONSTANT_CONVERSION = YES;
				CLANG_WARN_DIRECT_OBJC_ISA_USAGE = YES_ERROR;
				CLANG_WARN_EMPTY_BODY = YES;
				CLANG_WARN_ENUM_CONVERSION = YES;
				CLANG_WARN_INT_CONVERSION = YES;
				CLANG_WARN_OBJC_ROOT_CLASS = YES_ERROR;
				CLANG_WARN_UNREACHABLE_CODE = YES;
				CLANG_WARN__DUPLICATE_METHOD_MATCH = YES;
				"CODE_SIGN_IDENTITY[sdk=iphoneos*]" = "iPhone Developer";
				COPY_PHASE_STRIP = NO;
				DEBUG_INFORMATION_FORMAT = "dwarf-with-dsym";
				ENABLE_NS_ASSERTIONS = NO;
				ENABLE_STRICT_OBJC_MSGSEND = YES;
				GCC_C_LANGUAGE_STANDARD = gnu99;
				GCC_NO_COMMON_BLOCKS = YES;
				GCC_WARN_64_TO_32_BIT_CONVERSION = YES;
				GCC_WARN_ABOUT_RETURN_TYPE = YES_ERROR;
				GCC_WARN_UNDECLARED_SELECTOR = YES;
				GCC_WARN_UNINITIALIZED_AUTOS = YES_AGGRESSIVE;
				GCC_WARN_UNUSED_FUNCTION = YES;
				GCC_WARN_UNUSED_VARIABLE = YES;
				IPHONEOS_DEPLOYMENT_TARGET = 9.3;
				MTL_ENABLE_DEBUG_INFO = NO;
				SDKROOT = iphoneos;
				VALIDATE_PRODUCT = YES;
			};
			name = Release;
		};
		C28E2D201D1D6E9F00F3974E /* Debug */ = {
			isa = XCBuildConfiguration;
			buildSettings = {
				ASSETCATALOG_COMPILER_APPICON_NAME = AppIcon;
				INFOPLIST_FILE = SecondKadaiApp/Info.plist;
				LD_RUNPATH_SEARCH_PATHS = "$(inherited) @executable_path/Frameworks";
				PRODUCT_BUNDLE_IDENTIFIER = jp.techacademy.kosuke.takeda.SecondKadaiApp;
				PRODUCT_NAME = "$(TARGET_NAME)";
			};
			name = Debug;
		};
		C28E2D211D1D6E9F00F3974E /* Release */ = {
			isa = XCBuildConfiguration;
			buildSettings = {
				ASSETCATALOG_COMPILER_APPICON_NAME = AppIcon;
				INFOPLIST_FILE = SecondKadaiApp/Info.plist;
				LD_RUNPATH_SEARCH_PATHS = "$(inherited) @executable_path/Frameworks";
				PRODUCT_BUNDLE_IDENTIFIER = jp.techacademy.kosuke.takeda.SecondKadaiApp;
				PRODUCT_NAME = "$(TARGET_NAME)";
			};
			name = Release;
		};
/* End XCBuildConfiguration section */

/* Begin XCConfigurationList section */
		C28E2D081D1D6E9F00F3974E /* Build configuration list for PBXProject "SecondKadaiApp" */ = {
			isa = XCConfigurationList;
			buildConfigurations = (
				C28E2D1D1D1D6E9F00F3974E /* Debug */,
				C28E2D1E1D1D6E9F00F3974E /* Release */,
			);
			defaultConfigurationIsVisible = 0;
			defaultConfigurationName = Release;
		};
		C28E2D1F1D1D6E9F00F3974E /* Build configuration list for PBXNativeTarget "SecondKadaiApp" */ = {
			isa = XCConfigurationList;
			buildConfigurations = (
				C28E2D201D1D6E9F00F3974E /* Debug */,
				C28E2D211D1D6E9F00F3974E /* Release */,
			);
			defaultConfigurationIsVisible = 0;
		};
/* End XCConfigurationList section */
	};
	rootObject = C28E2D051D1D6E9F00F3974E /* Project object */;
}
